
Microsoft Visual Studio Solution File, Format Version 12.00
# Visual Studio Version 17
VisualStudioVersion = 17.12.35527.113 d17.12
MinimumVisualStudioVersion = 10.0.40219.1
Project("{FAE04EC0-301F-11D3-BF4B-00C04F79EFBC}") = "hellow_world", "hellow_world\hellow_world.csproj", "{3CA689A2-C60A-43C1-B878-F0F8791D0475}"
EndProject
Project("{FAE04EC0-301F-11D3-BF4B-00C04F79EFBC}") = "Variables", "Variables\Variables.csproj", "{CE967D9B-02F5-40F4-B598-750EBDD83B53}"
EndProject
Project("{FAE04EC0-301F-11D3-BF4B-00C04F79EFBC}") = "Exercise1", "Exercise1\Exercise1.csproj", "{E21C887C-FE61-4B67-A9A1-3A0651979162}"
EndProject
Global
	GlobalSection(SolutionConfigurationPlatforms) = preSolution
		Debug|Any CPU = Debug|Any CPU
		Release|Any CPU = Release|Any CPU
	EndGlobalSection
	GlobalSection(ProjectConfigurationPlatforms) = postSolution
		{3CA689A2-C60A-43C1-B878-F0F8791D0475}.Debug|Any CPU.ActiveCfg = Debug|Any CPU
		{3CA689A2-C60A-43C1-B878-F0F8791D0475}.Debug|Any CPU.Build.0 = Debug|Any CPU
		{3CA689A2-C60A-43C1-B878-F0F8791D0475}.Release|Any CPU.ActiveCfg = Release|Any CPU
		{3CA689A2-C60A-43C1-B878-F0F8791D0475}.Release|Any CPU.Build.0 = Release|Any CPU
		{CE967D9B-02F5-40F4-B598-750EBDD83B53}.Debug|Any CPU.ActiveCfg = Debug|Any CPU
		{CE967D9B-02F5-40F4-B598-750EBDD83B53}.Debug|Any CPU.Build.0 = Debug|Any CPU
		{CE967D9B-02F5-40F4-B598-750EBDD83B53}.Release|Any CPU.ActiveCfg = Release|Any CPU
		{CE967D9B-02F5-40F4-B598-750EBDD83B53}.Release|Any CPU.Build.0 = Release|Any CPU
		{E21C887C-FE61-4B67-A9A1-3A0651979162}.Debug|Any CPU.ActiveCfg = Debug|Any CPU
		{E21C887C-FE61-4B67-A9A1-3A0651979162}.Debug|Any CPU.Build.0 = Debug|Any CPU
		{E21C887C-FE61-4B67-A9A1-3A0651979162}.Release|Any CPU.ActiveCfg = Release|Any CPU
		{E21C887C-FE61-4B67-A9A1-3A0651979162}.Release|Any CPU.Build.0 = Release|Any CPU
	EndGlobalSection
	GlobalSection(SolutionProperties) = preSolution
		HideSolutionNode = FALSE
	EndGlobalSection
EndGlobal
